
Microsoft Visual Studio Solution File, Format Version 12.00
# Visual Studio Version 17
VisualStudioVersion = 17.14.36401.2
MinimumVisualStudioVersion = 10.0.40219.1
Project("{FAE04EC0-301F-11D3-BF4B-00C04F79EFBC}") = "ChuDe3_NopBai", "ChuDe3_NopBai\ChuDe3_NopBai.csproj", "{BB8CCBBA-16E0-4C0C-BC1D-9C5D548349B1}"
EndProject
Project("{FAE04EC0-301F-11D3-BF4B-00C04F79EFBC}") = "DocGhiXML", "DocGhiXML\DocGhiXML.csproj", "{397BBBB1-C9DB-4417-BF16-8BDABBB9812F}"
EndProject
Project("{FAE04EC0-301F-11D3-BF4B-00C04F79EFBC}") = "XMLCau2", "XMLCau2\XMLCau2.csproj", "{C47877F2-2337-4649-A1E8-1833D53A2229}"
EndProject
Project("{FAE04EC0-301F-11D3-BF4B-00C04F79EFBC}") = "PhanBaiTap", "PhanBaiTap\PhanBaiTap.csproj", "{7BD2191B-BAD4-4E01-8E8F-CFB487E1F1D8}"
EndProject
Global
	GlobalSection(SolutionConfigurationPlatforms) = preSolution
		Debug|Any CPU = Debug|Any CPU
		Release|Any CPU = Release|Any CPU
	EndGlobalSection
	GlobalSection(ProjectConfigurationPlatforms) = postSolution
		{BB8CCBBA-16E0-4C0C-BC1D-9C5D548349B1}.Debug|Any CPU.ActiveCfg = Debug|Any CPU
		{BB8CCBBA-16E0-4C0C-BC1D-9C5D548349B1}.Debug|Any CPU.Build.0 = Debug|Any CPU
		{BB8CCBBA-16E0-4C0C-BC1D-9C5D548349B1}.Release|Any CPU.ActiveCfg = Release|Any CPU
		{BB8CCBBA-16E0-4C0C-BC1D-9C5D548349B1}.Release|Any CPU.Build.0 = Release|Any CPU
		{397BBBB1-C9DB-4417-BF16-8BDABBB9812F}.Debug|Any CPU.ActiveCfg = Debug|Any CPU
		{397BBBB1-C9DB-4417-BF16-8BDABBB9812F}.Debug|Any CPU.Build.0 = Debug|Any CPU
		{397BBBB1-C9DB-4417-BF16-8BDABBB9812F}.Release|Any CPU.ActiveCfg = Release|Any CPU
		{397BBBB1-C9DB-4417-BF16-8BDABBB9812F}.Release|Any CPU.Build.0 = Release|Any CPU
		{C47877F2-2337-4649-A1E8-1833D53A2229}.Debug|Any CPU.ActiveCfg = Debug|Any CPU
		{C47877F2-2337-4649-A1E8-1833D53A2229}.Debug|Any CPU.Build.0 = Debug|Any CPU
		{C47877F2-2337-4649-A1E8-1833D53A2229}.Release|Any CPU.ActiveCfg = Release|Any CPU
		{C47877F2-2337-4649-A1E8-1833D53A2229}.Release|Any CPU.Build.0 = Release|Any CPU
		{7BD2191B-BAD4-4E01-8E8F-CFB487E1F1D8}.Debug|Any CPU.ActiveCfg = Debug|Any CPU
		{7BD2191B-BAD4-4E01-8E8F-CFB487E1F1D8}.Debug|Any CPU.Build.0 = Debug|Any CPU
		{7BD2191B-BAD4-4E01-8E8F-CFB487E1F1D8}.Release|Any CPU.ActiveCfg = Release|Any CPU
		{7BD2191B-BAD4-4E01-8E8F-CFB487E1F1D8}.Release|Any CPU.Build.0 = Release|Any CPU
	EndGlobalSection
	GlobalSection(SolutionProperties) = preSolution
		HideSolutionNode = FALSE
	EndGlobalSection
	GlobalSection(ExtensibilityGlobals) = postSolution
		SolutionGuid = {BFD37E4D-7600-4545-BD84-0B8A506BCEE3}
	EndGlobalSection
EndGlobal
